
Microsoft Visual Studio Solution File, Format Version 12.00
# Visual Studio Version 17
VisualStudioVersion = 17.3.32825.248
MinimumVisualStudioVersion = 10.0.40219.1
Project("{9A19103F-16F7-4668-BE54-9A1E7A4F7556}") = "FeatureSelect", "FeatureSelect\FeatureSelect.csproj", "{39263F87-4C5F-4790-AEA8-236AB862961E}"
EndProject
Project("{9A19103F-16F7-4668-BE54-9A1E7A4F7556}") = "FeatureSelect.Tests", "FeatureSelect.Tests\FeatureSelect.Tests.csproj", "{350890C6-E303-4A3A-828A-D05D89DF7F1B}"
EndProject
Project("{FAE04EC0-301F-11D3-BF4B-00C04F79EFBC}") = "FeatureSelect.AspNetCore", "FeatureSelect.AspNetCore\FeatureSelect.AspNetCore.csproj", "{BBD0FB41-19BB-42AD-A0A1-A956DB1E6077}"
EndProject
Project("{9A19103F-16F7-4668-BE54-9A1E7A4F7556}") = "FeatureSelect.Tests.SampleApi.NET6", "FeatureSelect.Tests.SampleApi.NET6\FeatureSelect.Tests.SampleApi.NET6.csproj", "{9E6EE88C-3D2B-4B87-931D-DDF02909DF26}"
EndProject
Project("{9A19103F-16F7-4668-BE54-9A1E7A4F7556}") = "FeatureSelect.Tests.SampleApi.NET3_1", "FeatureSelect.Tests.SampleApi.NET3_1\FeatureSelect.Tests.SampleApi.NET3_1.csproj", "{962A5817-0C5A-42A5-B620-75FFAAF4553C}"
EndProject
Global
	GlobalSection(SolutionConfigurationPlatforms) = preSolution
		Debug|Any CPU = Debug|Any CPU
		Release|Any CPU = Release|Any CPU
	EndGlobalSection
	GlobalSection(ProjectConfigurationPlatforms) = postSolution
		{39263F87-4C5F-4790-AEA8-236AB862961E}.Debug|Any CPU.ActiveCfg = Debug|Any CPU
		{39263F87-4C5F-4790-AEA8-236AB862961E}.Debug|Any CPU.Build.0 = Debug|Any CPU
		{39263F87-4C5F-4790-AEA8-236AB862961E}.Release|Any CPU.ActiveCfg = Release|Any CPU
		{39263F87-4C5F-4790-AEA8-236AB862961E}.Release|Any CPU.Build.0 = Release|Any CPU
		{350890C6-E303-4A3A-828A-D05D89DF7F1B}.Debug|Any CPU.ActiveCfg = Debug|Any CPU
		{350890C6-E303-4A3A-828A-D05D89DF7F1B}.Debug|Any CPU.Build.0 = Debug|Any CPU
		{350890C6-E303-4A3A-828A-D05D89DF7F1B}.Release|Any CPU.ActiveCfg = Release|Any CPU
		{350890C6-E303-4A3A-828A-D05D89DF7F1B}.Release|Any CPU.Build.0 = Release|Any CPU
		{BBD0FB41-19BB-42AD-A0A1-A956DB1E6077}.Debug|Any CPU.ActiveCfg = Debug|Any CPU
		{BBD0FB41-19BB-42AD-A0A1-A956DB1E6077}.Debug|Any CPU.Build.0 = Debug|Any CPU
		{BBD0FB41-19BB-42AD-A0A1-A956DB1E6077}.Release|Any CPU.ActiveCfg = Release|Any CPU
		{BBD0FB41-19BB-42AD-A0A1-A956DB1E6077}.Release|Any CPU.Build.0 = Release|Any CPU
		{9E6EE88C-3D2B-4B87-931D-DDF02909DF26}.Debug|Any CPU.ActiveCfg = Debug|Any CPU
		{9E6EE88C-3D2B-4B87-931D-DDF02909DF26}.Debug|Any CPU.Build.0 = Debug|Any CPU
		{9E6EE88C-3D2B-4B87-931D-DDF02909DF26}.Release|Any CPU.ActiveCfg = Release|Any CPU
		{9E6EE88C-3D2B-4B87-931D-DDF02909DF26}.Release|Any CPU.Build.0 = Release|Any CPU
		{962A5817-0C5A-42A5-B620-75FFAAF4553C}.Debug|Any CPU.ActiveCfg = Debug|Any CPU
		{962A5817-0C5A-42A5-B620-75FFAAF4553C}.Debug|Any CPU.Build.0 = Debug|Any CPU
		{962A5817-0C5A-42A5-B620-75FFAAF4553C}.Release|Any CPU.ActiveCfg = Release|Any CPU
		{962A5817-0C5A-42A5-B620-75FFAAF4553C}.Release|Any CPU.Build.0 = Release|Any CPU
	EndGlobalSection
	GlobalSection(SolutionProperties) = preSolution
		HideSolutionNode = FALSE
	EndGlobalSection
	GlobalSection(ExtensibilityGlobals) = postSolution
		SolutionGuid = {87AD1526-62A6-4A49-B61A-46F903F525FE}
	EndGlobalSection
EndGlobal
