
Microsoft Visual Studio Solution File, Format Version 12.00
# Visual Studio 15
VisualStudioVersion = 15.0.28307.168
MinimumVisualStudioVersion = 10.0.40219.1
Project("{9A19103F-16F7-4668-BE54-9A1E7A4F7556}") = "FeatureSelect", "FeatureSelect\FeatureSelect.csproj", "{5D826F54-8A55-4EA3-8522-9E3504A19C54}"
EndProject
Project("{9A19103F-16F7-4668-BE54-9A1E7A4F7556}") = "FeatureSelect.Tests", "FeatureSelect.Tests\FeatureSelect.Tests.csproj", "{1794D307-D4B5-470C-A881-3883B6006845}"
EndProject
Project("{9A19103F-16F7-4668-BE54-9A1E7A4F7556}") = "FeatureSelect.Configuration", "FeatureSelect.Configuration\FeatureSelect.Configuration.csproj", "{D8461788-308A-436F-8632-001F03E3E3F3}"
EndProject
Project("{9A19103F-16F7-4668-BE54-9A1E7A4F7556}") = "FeatureSelect.SimpleInjector", "FeatureSelect.SimpleInjector\FeatureSelect.SimpleInjector.csproj", "{6BCCB8C3-B6BB-4C50-A79A-67BE8900D977}"
EndProject
Global
	GlobalSection(SolutionConfigurationPlatforms) = preSolution
		Debug|Any CPU = Debug|Any CPU
		Release|Any CPU = Release|Any CPU
	EndGlobalSection
	GlobalSection(ProjectConfigurationPlatforms) = postSolution
		{5D826F54-8A55-4EA3-8522-9E3504A19C54}.Debug|Any CPU.ActiveCfg = Debug|Any CPU
		{5D826F54-8A55-4EA3-8522-9E3504A19C54}.Debug|Any CPU.Build.0 = Debug|Any CPU
		{5D826F54-8A55-4EA3-8522-9E3504A19C54}.Release|Any CPU.ActiveCfg = Release|Any CPU
		{5D826F54-8A55-4EA3-8522-9E3504A19C54}.Release|Any CPU.Build.0 = Release|Any CPU
		{1794D307-D4B5-470C-A881-3883B6006845}.Debug|Any CPU.ActiveCfg = Debug|Any CPU
		{1794D307-D4B5-470C-A881-3883B6006845}.Debug|Any CPU.Build.0 = Debug|Any CPU
		{1794D307-D4B5-470C-A881-3883B6006845}.Release|Any CPU.ActiveCfg = Release|Any CPU
		{1794D307-D4B5-470C-A881-3883B6006845}.Release|Any CPU.Build.0 = Release|Any CPU
		{D8461788-308A-436F-8632-001F03E3E3F3}.Debug|Any CPU.ActiveCfg = Debug|Any CPU
		{D8461788-308A-436F-8632-001F03E3E3F3}.Debug|Any CPU.Build.0 = Debug|Any CPU
		{D8461788-308A-436F-8632-001F03E3E3F3}.Release|Any CPU.ActiveCfg = Release|Any CPU
		{D8461788-308A-436F-8632-001F03E3E3F3}.Release|Any CPU.Build.0 = Release|Any CPU
		{6BCCB8C3-B6BB-4C50-A79A-67BE8900D977}.Debug|Any CPU.ActiveCfg = Debug|Any CPU
		{6BCCB8C3-B6BB-4C50-A79A-67BE8900D977}.Debug|Any CPU.Build.0 = Debug|Any CPU
		{6BCCB8C3-B6BB-4C50-A79A-67BE8900D977}.Release|Any CPU.ActiveCfg = Release|Any CPU
		{6BCCB8C3-B6BB-4C50-A79A-67BE8900D977}.Release|Any CPU.Build.0 = Release|Any CPU
	EndGlobalSection
	GlobalSection(SolutionProperties) = preSolution
		HideSolutionNode = FALSE
	EndGlobalSection
	GlobalSection(ExtensibilityGlobals) = postSolution
		SolutionGuid = {982CFC1F-71FA-4325-962B-31EC756170C7}
	EndGlobalSection
EndGlobal
